
Microsoft Visual Studio Solution File, Format Version 12.00
# Visual Studio Version 17
VisualStudioVersion = 17.7.34024.191
MinimumVisualStudioVersion = 10.0.40219.1
Project("{8BC9CEB8-8B4A-11D0-8D11-00A0C91BC942}") = "C++ Advanced Projects", "C++ Advanced Projects\C++ Advanced Projects.vcxproj", "{9283D40B-E963-4F40-B99C-5732B920350D}"
EndProject
Project("{8BC9CEB8-8B4A-11D0-8D11-00A0C91BC942}") = "Levenshtein", "Levenshtein\Levenshtein.vcxproj", "{7263EF29-1139-475E-A39D-78E59F76B7C3}"
EndProject
Project("{8BC9CEB8-8B4A-11D0-8D11-00A0C91BC942}") = "Levenshtein Graphing", "Levenshtein Graphing\Levenshtein Graphing.vcxproj", "{4C07E733-9903-4477-8172-6E19F7613CBD}"
EndProject
Project("{8BC9CEB8-8B4A-11D0-8D11-00A0C91BC942}") = "Snake_Game", "Snake_Game\Snake_Game.vcxproj", "{F06ECD83-A2E7-4C17-AE19-C9B1A28D6359}"
EndProject
Project("{8BC9CEB8-8B4A-11D0-8D11-00A0C91BC942}") = "Matrix_Class", "Matrix_Class\Matrix_Class.vcxproj", "{08619540-FDC4-431F-9CA5-2DD1D14F40B1}"
EndProject
Project("{8BC9CEB8-8B4A-11D0-8D11-00A0C91BC942}") = "brute_force_text", "brute_force_text\brute_force_text.vcxproj", "{36B74964-CB58-4F1F-9A77-E594500133D2}"
EndProject
Project("{8BC9CEB8-8B4A-11D0-8D11-00A0C91BC942}") = "compute_fibonacci", "compute_fibonacci\compute_fibonacci.vcxproj", "{2F0015F7-E31F-4A44-9DA6-2EB89E25AF61}"
EndProject
Project("{8BC9CEB8-8B4A-11D0-8D11-00A0C91BC942}") = "sorting_algorithms", "sorting_algorithms\sorting_algorithms.vcxproj", "{4AD9CF67-7149-483E-A3FC-845067BE95F8}"
EndProject
Project("{8BC9CEB8-8B4A-11D0-8D11-00A0C91BC942}") = "fast matrix multiplication", "fast matrix multiplication\fast matrix multiplication.vcxproj", "{A9242146-4976-49CE-924D-8A09C1E4CB34}"
EndProject
Project("{8BC9CEB8-8B4A-11D0-8D11-00A0C91BC942}") = "fast_transpose", "fast_transpose\fast_transpose.vcxproj", "{05E28504-72C9-44D4-B413-715E0797119C}"
EndProject
Project("{8BC9CEB8-8B4A-11D0-8D11-00A0C91BC942}") = "learning_threads", "learning_threads\learning_threads.vcxproj", "{0DCC655A-2FCA-4AA1-BDDD-ED63F09903A8}"
EndProject
Project("{8BC9CEB8-8B4A-11D0-8D11-00A0C91BC942}") = "template_metaprogramming_for_dummies", "template_metaprogramming_for_dummies\template_metaprogramming_for_dummies.vcxproj", "{53484E50-BC73-4580-8941-17AB1558E268}"
EndProject
Global
	GlobalSection(SolutionConfigurationPlatforms) = preSolution
		Debug|x64 = Debug|x64
		Debug|x86 = Debug|x86
		Release|x64 = Release|x64
		Release|x86 = Release|x86
	EndGlobalSection
	GlobalSection(ProjectConfigurationPlatforms) = postSolution
		{9283D40B-E963-4F40-B99C-5732B920350D}.Debug|x64.ActiveCfg = Debug|x64
		{9283D40B-E963-4F40-B99C-5732B920350D}.Debug|x64.Build.0 = Debug|x64
		{9283D40B-E963-4F40-B99C-5732B920350D}.Debug|x86.ActiveCfg = Debug|Win32
		{9283D40B-E963-4F40-B99C-5732B920350D}.Debug|x86.Build.0 = Debug|Win32
		{9283D40B-E963-4F40-B99C-5732B920350D}.Release|x64.ActiveCfg = Release|x64
		{9283D40B-E963-4F40-B99C-5732B920350D}.Release|x64.Build.0 = Release|x64
		{9283D40B-E963-4F40-B99C-5732B920350D}.Release|x86.ActiveCfg = Release|Win32
		{9283D40B-E963-4F40-B99C-5732B920350D}.Release|x86.Build.0 = Release|Win32
		{7263EF29-1139-475E-A39D-78E59F76B7C3}.Debug|x64.ActiveCfg = Debug|x64
		{7263EF29-1139-475E-A39D-78E59F76B7C3}.Debug|x64.Build.0 = Debug|x64
		{7263EF29-1139-475E-A39D-78E59F76B7C3}.Debug|x86.ActiveCfg = Debug|Win32
		{7263EF29-1139-475E-A39D-78E59F76B7C3}.Debug|x86.Build.0 = Debug|Win32
		{7263EF29-1139-475E-A39D-78E59F76B7C3}.Release|x64.ActiveCfg = Release|x64
		{7263EF29-1139-475E-A39D-78E59F76B7C3}.Release|x64.Build.0 = Release|x64
		{7263EF29-1139-475E-A39D-78E59F76B7C3}.Release|x86.ActiveCfg = Release|Win32
		{7263EF29-1139-475E-A39D-78E59F76B7C3}.Release|x86.Build.0 = Release|Win32
		{4C07E733-9903-4477-8172-6E19F7613CBD}.Debug|x64.ActiveCfg = Debug|x64
		{4C07E733-9903-4477-8172-6E19F7613CBD}.Debug|x64.Build.0 = Debug|x64
		{4C07E733-9903-4477-8172-6E19F7613CBD}.Debug|x86.ActiveCfg = Debug|Win32
		{4C07E733-9903-4477-8172-6E19F7613CBD}.Debug|x86.Build.0 = Debug|Win32
		{4C07E733-9903-4477-8172-6E19F7613CBD}.Release|x64.ActiveCfg = Release|x64
		{4C07E733-9903-4477-8172-6E19F7613CBD}.Release|x64.Build.0 = Release|x64
		{4C07E733-9903-4477-8172-6E19F7613CBD}.Release|x86.ActiveCfg = Release|Win32
		{4C07E733-9903-4477-8172-6E19F7613CBD}.Release|x86.Build.0 = Release|Win32
		{F06ECD83-A2E7-4C17-AE19-C9B1A28D6359}.Debug|x64.ActiveCfg = Debug|x64
		{F06ECD83-A2E7-4C17-AE19-C9B1A28D6359}.Debug|x64.Build.0 = Debug|x64
		{F06ECD83-A2E7-4C17-AE19-C9B1A28D6359}.Debug|x86.ActiveCfg = Debug|Win32
		{F06ECD83-A2E7-4C17-AE19-C9B1A28D6359}.Debug|x86.Build.0 = Debug|Win32
		{F06ECD83-A2E7-4C17-AE19-C9B1A28D6359}.Release|x64.ActiveCfg = Release|x64
		{F06ECD83-A2E7-4C17-AE19-C9B1A28D6359}.Release|x64.Build.0 = Release|x64
		{F06ECD83-A2E7-4C17-AE19-C9B1A28D6359}.Release|x86.ActiveCfg = Release|Win32
		{F06ECD83-A2E7-4C17-AE19-C9B1A28D6359}.Release|x86.Build.0 = Release|Win32
		{08619540-FDC4-431F-9CA5-2DD1D14F40B1}.Debug|x64.ActiveCfg = Debug|x64
		{08619540-FDC4-431F-9CA5-2DD1D14F40B1}.Debug|x64.Build.0 = Debug|x64
		{08619540-FDC4-431F-9CA5-2DD1D14F40B1}.Debug|x86.ActiveCfg = Debug|Win32
		{08619540-FDC4-431F-9CA5-2DD1D14F40B1}.Debug|x86.Build.0 = Debug|Win32
		{08619540-FDC4-431F-9CA5-2DD1D14F40B1}.Release|x64.ActiveCfg = Release|x64
		{08619540-FDC4-431F-9CA5-2DD1D14F40B1}.Release|x64.Build.0 = Release|x64
		{08619540-FDC4-431F-9CA5-2DD1D14F40B1}.Release|x86.ActiveCfg = Release|Win32
		{08619540-FDC4-431F-9CA5-2DD1D14F40B1}.Release|x86.Build.0 = Release|Win32
		{36B74964-CB58-4F1F-9A77-E594500133D2}.Debug|x64.ActiveCfg = Debug|x64
		{36B74964-CB58-4F1F-9A77-E594500133D2}.Debug|x64.Build.0 = Debug|x64
		{36B74964-CB58-4F1F-9A77-E594500133D2}.Debug|x86.ActiveCfg = Debug|Win32
		{36B74964-CB58-4F1F-9A77-E594500133D2}.Debug|x86.Build.0 = Debug|Win32
		{36B74964-CB58-4F1F-9A77-E594500133D2}.Release|x64.ActiveCfg = Release|x64
		{36B74964-CB58-4F1F-9A77-E594500133D2}.Release|x64.Build.0 = Release|x64
		{36B74964-CB58-4F1F-9A77-E594500133D2}.Release|x86.ActiveCfg = Release|Win32
		{36B74964-CB58-4F1F-9A77-E594500133D2}.Release|x86.Build.0 = Release|Win32
		{2F0015F7-E31F-4A44-9DA6-2EB89E25AF61}.Debug|x64.ActiveCfg = Debug|x64
		{2F0015F7-E31F-4A44-9DA6-2EB89E25AF61}.Debug|x64.Build.0 = Debug|x64
		{2F0015F7-E31F-4A44-9DA6-2EB89E25AF61}.Debug|x86.ActiveCfg = Debug|Win32
		{2F0015F7-E31F-4A44-9DA6-2EB89E25AF61}.Debug|x86.Build.0 = Debug|Win32
		{2F0015F7-E31F-4A44-9DA6-2EB89E25AF61}.Release|x64.ActiveCfg = Release|x64
		{2F0015F7-E31F-4A44-9DA6-2EB89E25AF61}.Release|x64.Build.0 = Release|x64
		{2F0015F7-E31F-4A44-9DA6-2EB89E25AF61}.Release|x86.ActiveCfg = Release|Win32
		{2F0015F7-E31F-4A44-9DA6-2EB89E25AF61}.Release|x86.Build.0 = Release|Win32
		{4AD9CF67-7149-483E-A3FC-845067BE95F8}.Debug|x64.ActiveCfg = Debug|x64
		{4AD9CF67-7149-483E-A3FC-845067BE95F8}.Debug|x64.Build.0 = Debug|x64
		{4AD9CF67-7149-483E-A3FC-845067BE95F8}.Debug|x86.ActiveCfg = Debug|Win32
		{4AD9CF67-7149-483E-A3FC-845067BE95F8}.Debug|x86.Build.0 = Debug|Win32
		{4AD9CF67-7149-483E-A3FC-845067BE95F8}.Release|x64.ActiveCfg = Release|x64
		{4AD9CF67-7149-483E-A3FC-845067BE95F8}.Release|x64.Build.0 = Release|x64
		{4AD9CF67-7149-483E-A3FC-845067BE95F8}.Release|x86.ActiveCfg = Release|Win32
		{4AD9CF67-7149-483E-A3FC-845067BE95F8}.Release|x86.Build.0 = Release|Win32
		{A9242146-4976-49CE-924D-8A09C1E4CB34}.Debug|x64.ActiveCfg = Debug|x64
		{A9242146-4976-49CE-924D-8A09C1E4CB34}.Debug|x64.Build.0 = Debug|x64
		{A9242146-4976-49CE-924D-8A09C1E4CB34}.Debug|x86.ActiveCfg = Debug|Win32
		{A9242146-4976-49CE-924D-8A09C1E4CB34}.Debug|x86.Build.0 = Debug|Win32
		{A9242146-4976-49CE-924D-8A09C1E4CB34}.Release|x64.ActiveCfg = Release|x64
		{A9242146-4976-49CE-924D-8A09C1E4CB34}.Release|x64.Build.0 = Release|x64
		{A9242146-4976-49CE-924D-8A09C1E4CB34}.Release|x86.ActiveCfg = Release|Win32
		{A9242146-4976-49CE-924D-8A09C1E4CB34}.Release|x86.Build.0 = Release|Win32
		{05E28504-72C9-44D4-B413-715E0797119C}.Debug|x64.ActiveCfg = Debug|x64
		{05E28504-72C9-44D4-B413-715E0797119C}.Debug|x64.Build.0 = Debug|x64
		{05E28504-72C9-44D4-B413-715E0797119C}.Debug|x86.ActiveCfg = Debug|Win32
		{05E28504-72C9-44D4-B413-715E0797119C}.Debug|x86.Build.0 = Debug|Win32
		{05E28504-72C9-44D4-B413-715E0797119C}.Release|x64.ActiveCfg = Release|x64
		{05E28504-72C9-44D4-B413-715E0797119C}.Release|x64.Build.0 = Release|x64
		{05E28504-72C9-44D4-B413-715E0797119C}.Release|x86.ActiveCfg = Release|Win32
		{05E28504-72C9-44D4-B413-715E0797119C}.Release|x86.Build.0 = Release|Win32
		{0DCC655A-2FCA-4AA1-BDDD-ED63F09903A8}.Debug|x64.ActiveCfg = Debug|x64
		{0DCC655A-2FCA-4AA1-BDDD-ED63F09903A8}.Debug|x64.Build.0 = Debug|x64
		{0DCC655A-2FCA-4AA1-BDDD-ED63F09903A8}.Debug|x86.ActiveCfg = Debug|Win32
		{0DCC655A-2FCA-4AA1-BDDD-ED63F09903A8}.Debug|x86.Build.0 = Debug|Win32
		{0DCC655A-2FCA-4AA1-BDDD-ED63F09903A8}.Release|x64.ActiveCfg = Release|x64
		{0DCC655A-2FCA-4AA1-BDDD-ED63F09903A8}.Release|x64.Build.0 = Release|x64
		{0DCC655A-2FCA-4AA1-BDDD-ED63F09903A8}.Release|x86.ActiveCfg = Release|Win32
		{0DCC655A-2FCA-4AA1-BDDD-ED63F09903A8}.Release|x86.Build.0 = Release|Win32
		{53484E50-BC73-4580-8941-17AB1558E268}.Debug|x64.ActiveCfg = Debug|x64
		{53484E50-BC73-4580-8941-17AB1558E268}.Debug|x64.Build.0 = Debug|x64
		{53484E50-BC73-4580-8941-17AB1558E268}.Debug|x86.ActiveCfg = Debug|Win32
		{53484E50-BC73-4580-8941-17AB1558E268}.Debug|x86.Build.0 = Debug|Win32
		{53484E50-BC73-4580-8941-17AB1558E268}.Release|x64.ActiveCfg = Release|x64
		{53484E50-BC73-4580-8941-17AB1558E268}.Release|x64.Build.0 = Release|x64
		{53484E50-BC73-4580-8941-17AB1558E268}.Release|x86.ActiveCfg = Release|Win32
		{53484E50-BC73-4580-8941-17AB1558E268}.Release|x86.Build.0 = Release|Win32
	EndGlobalSection
	GlobalSection(SolutionProperties) = preSolution
		HideSolutionNode = FALSE
	EndGlobalSection
	GlobalSection(ExtensibilityGlobals) = postSolution
		SolutionGuid = {25366A29-F651-4F19-8362-6E9034BE3877}
	EndGlobalSection
EndGlobal
